{
  "object": {
    "pins": [
      {
        "package": "swift-argument-parser",
        "repositoryURL": "https://github.com/apple/swift-argument-parser",
        "state": {
          "branch": null,
          "revision": "9564d61b08a5335ae0a36f789a7d71493eacadfc",
          "version": "0.3.2"
        }
      },
      {
        "package": "Benchmark",
        "repositoryURL": "https://github.com/google/swift-benchmark",
        "state": {
          "branch": null,
          "revision": "8e0ef8bb7482ab97dcd2cd1d6855bd38921c345d",
          "version": "0.1.0"
        }
      },
      {
        "package": "Checkit",
        "repositoryURL": "https://github.com/karwa/swift-checkit.git",
        "state": {
          "branch": null,
          "revision": "f2b91bd4ec068a0ab8a73051c0077d1e1b614b43",
          "version": "0.0.2"
        }
      }
    ]
  },
  "version": 1
}
